// !$*UTF8*$!
{
	archiveVersion = 1;
	classes = {
	};
	objectVersion = 50;
	objects = {

/* Begin PBXBuildFile section */
		CFCBCA352338E3450071C981 /* AppDelegate.swift in Sources */ = {isa = PBXBuildFile; fileRef = CFCBCA342338E3450071C981 /* AppDelegate.swift */; };
		CFCBCA372338E3450071C981 /* SceneDelegate.swift in Sources */ = {isa = PBXBuildFile; fileRef = CFCBCA362338E3450071C981 /* SceneDelegate.swift */; };
		CFCBCA392338E3450071C981 /* ViewController.swift in Sources */ = {isa = PBXBuildFile; fileRef = CFCBCA382338E3450071C981 /* ViewController.swift */; };
		CFCBCA3C2338E3450071C981 /* Main.storyboard in Resources */ = {isa = PBXBuildFile; fileRef = CFCBCA3A2338E3450071C981 /* Main.storyboard */; };
		CFCBCA3E2338E3460071C981 /* Assets.xcassets in Resources */ = {isa = PBXBuildFile; fileRef = CFCBCA3D2338E3460071C981 /* Assets.xcassets */; };
		CFCBCA412338E3460071C981 /* LaunchScreen.storyboard in Resources */ = {isa = PBXBuildFile; fileRef = CFCBCA3F2338E3460071C981 /* LaunchScreen.storyboard */; };
		CFCBCA532338E4D90071C981 /* DatePickerViewController.swift in Sources */ = {isa = PBXBuildFile; fileRef = CFCBCA522338E4D90071C981 /* DatePickerViewController.swift */; };
		CFCBCA552338E5060071C981 /* SingleComponentPickerViewController.swift in Sources */ = {isa = PBXBuildFile; fileRef = CFCBCA542338E5060071C981 /* SingleComponentPickerViewController.swift */; };
		CFCBCA572338E5180071C981 /* DoubleComponentViewController.swift in Sources */ = {isa = PBXBuildFile; fileRef = CFCBCA562338E5180071C981 /* DoubleComponentViewController.swift */; };
		CFCBCA592338E5250071C981 /* DependentComponentPickerViewController.swift in Sources */ = {isa = PBXBuildFile; fileRef = CFCBCA582338E5250071C981 /* DependentComponentPickerViewController.swift */; };
		CFCBCA5B2338E5390071C981 /* CustomPickerViewController.swift in Sources */ = {isa = PBXBuildFile; fileRef = CFCBCA5A2338E5390071C981 /* CustomPickerViewController.swift */; };
/* End PBXBuildFile section */

/* Begin PBXFileReference section */
		CFCBCA312338E3450071C981 /* Pickers.app */ = {isa = PBXFileReference; explicitFileType = wrapper.application; includeInIndex = 0; path = Pickers.app; sourceTree = BUILT_PRODUCTS_DIR; };
		CFCBCA342338E3450071C981 /* AppDelegate.swift */ = {isa = PBXFileReference; lastKnownFileType = sourcecode.swift; path = AppDelegate.swift; sourceTree = "<group>"; };
		CFCBCA362338E3450071C981 /* SceneDelegate.swift */ = {isa = PBXFileReference; lastKnownFileType = sourcecode.swift; path = SceneDelegate.swift; sourceTree = "<group>"; };
		CFCBCA382338E3450071C981 /* ViewController.swift */ = {isa = PBXFileReference; lastKnownFileType = sourcecode.swift; path = ViewController.swift; sourceTree = "<group>"; };
		CFCBCA3B2338E3450071C981 /* Base */ = {isa = PBXFileReference; lastKnownFileType = file.storyboard; name = Base; path = Base.lproj/Main.storyboard; sourceTree = "<group>"; };
		CFCBCA3D2338E3460071C981 /* Assets.xcassets */ = {isa = PBXFileReference; lastKnownFileType = folder.assetcatalog; path = Assets.xcassets; sourceTree = "<group>"; };
		CFCBCA402338E3460071C981 /* Base */ = {isa = PBXFileReference; lastKnownFileType = file.storyboard; name = Base; path = Base.lproj/LaunchScreen.storyboard; sourceTree = "<group>"; };
		CFCBCA422338E3460071C981 /* Info.plist */ = {isa = PBXFileReference; lastKnownFileType = text.plist.xml; path = Info.plist; sourceTree = "<group>"; };
		CFCBCA522338E4D90071C981 /* DatePickerViewController.swift */ = {isa = PBXFileReference; lastKnownFileType = sourcecode.swift; path = DatePickerViewController.swift; sourceTree = "<group>"; };
		CFCBCA542338E5060071C981 /* SingleComponentPickerViewController.swift */ = {isa = PBXFileReference; lastKnownFileType = sourcecode.swift; path = SingleComponentPickerViewController.swift; sourceTree = "<group>"; };
		CFCBCA562338E5180071C981 /* DoubleComponentViewController.swift */ = {isa = PBXFileReference; lastKnownFileType = sourcecode.swift; path = DoubleComponentViewController.swift; sourceTree = "<group>"; };
		CFCBCA582338E5250071C981 /* DependentComponentPickerViewController.swift */ = {isa = PBXFileReference; lastKnownFileType = sourcecode.swift; path = DependentComponentPickerViewController.swift; sourceTree = "<group>"; };
		CFCBCA5A2338E5390071C981 /* CustomPickerViewController.swift */ = {isa = PBXFileReference; lastKnownFileType = sourcecode.swift; path = CustomPickerViewController.swift; sourceTree = "<group>"; };
/* End PBXFileReference section */

/* Begin PBXFrameworksBuildPhase section */
		CFCBCA2E2338E3450071C981 /* Frameworks */ = {
			isa = PBXFrameworksBuildPhase;
			buildActionMask = 2147483647;
			files = (
			);
			runOnlyForDeploymentPostprocessing = 0;
		};
/* End PBXFrameworksBuildPhase section */

/* Begin PBXGroup section */
		CFCBCA282338E3450071C981 = {
			isa = PBXGroup;
			children = (
				CFCBCA332338E3450071C981 /* Pickers */,
				CFCBCA322338E3450071C981 /* Products */,
			);
			sourceTree = "<group>";
		};
		CFCBCA322338E3450071C981 /* Products */ = {
			isa = PBXGroup;
			children = (
				CFCBCA312338E3450071C981 /* Pickers.app */,
			);
			name = Products;
			sourceTree = "<group>";
		};
		CFCBCA332338E3450071C981 /* Pickers */ = {
			isa = PBXGroup;
			children = (
				CFCBCA522338E4D90071C981 /* DatePickerViewController.swift */,
				CFCBCA342338E3450071C981 /* AppDelegate.swift */,
				CFCBCA362338E3450071C981 /* SceneDelegate.swift */,
				CFCBCA382338E3450071C981 /* ViewController.swift */,
				CFCBCA3A2338E3450071C981 /* Main.storyboard */,
				CFCBCA3D2338E3460071C981 /* Assets.xcassets */,
				CFCBCA3F2338E3460071C981 /* LaunchScreen.storyboard */,
				CFCBCA422338E3460071C981 /* Info.plist */,
				CFCBCA542338E5060071C981 /* SingleComponentPickerViewController.swift */,
				CFCBCA562338E5180071C981 /* DoubleComponentViewController.swift */,
				CFCBCA582338E5250071C981 /* DependentComponentPickerViewController.swift */,
				CFCBCA5A2338E5390071C981 /* CustomPickerViewController.swift */,
			);
			path = Pickers;
			sourceTree = "<group>";
		};
/* End PBXGroup section */

/* Begin PBXNativeTarget section */
		CFCBCA302338E3450071C981 /* Pickers */ = {
			isa = PBXNativeTarget;
			buildConfigurationList = CFCBCA452338E3460071C981 /* Build configuration list for PBXNativeTarget "Pickers" */;
			buildPhases = (
				CFCBCA2D2338E3450071C981 /* Sources */,
				CFCBCA2E2338E3450071C981 /* Frameworks */,
				CFCBCA2F2338E3450071C981 /* Resources */,
			);
			buildRules = (
			);
			dependencies = (
			);
			name = Pickers;
			productName = Pickers;
			productReference = CFCBCA312338E3450071C981 /* Pickers.app */;
			productType = "com.apple.product-type.application";
		};
/* End PBXNativeTarget section */

/* Begin PBXProject section */
		CFCBCA292338E3450071C981 /* Project object */ = {
			isa = PBXProject;
			attributes = {
				LastSwiftUpdateCheck = 1100;
				LastUpgradeCheck = 1100;
				ORGANIZATIONNAME = "Glorin Li";
				TargetAttributes = {
					CFCBCA302338E3450071C981 = {
						CreatedOnToolsVersion = 11.0;
					};
				};
			};
			buildConfigurationList = CFCBCA2C2338E3450071C981 /* Build configuration list for PBXProject "Pickers" */;
			compatibilityVersion = "Xcode 9.3";
			developmentRegion = en;
			hasScannedForEncodings = 0;
			knownRegions = (
				en,
				Base,
			);
			mainGroup = CFCBCA282338E3450071C981;
			productRefGroup = CFCBCA322338E3450071C981 /* Products */;
			projectDirPath = "";
			projectRoot = "";
			targets = (
				CFCBCA302338E3450071C981 /* Pickers */,
			);
		};
/* End PBXProject section */

/* Begin PBXResourcesBuildPhase section */
		CFCBCA2F2338E3450071C981 /* Resources */ = {
			isa = PBXResourcesBuildPhase;
			buildActionMask = 2147483647;
			files = (
				CFCBCA412338E3460071C981 /* LaunchScreen.storyboard in Resources */,
				CFCBCA3E2338E3460071C981 /* Assets.xcassets in Resources */,
				CFCBCA3C2338E3450071C981 /* Main.storyboard in Resources */,
			);
			runOnlyForDeploymentPostprocessing = 0;
		};
/* End PBXResourcesBuildPhase section */

/* Begin PBXSourcesBuildPhase section */
		CFCBCA2D2338E3450071C981 /* Sources */ = {
			isa = PBXSourcesBuildPhase;
			buildActionMask = 2147483647;
			files = (
				CFCBCA532338E4D90071C981 /* DatePickerViewController.swift in Sources */,
				CFCBCA392338E3450071C981 /* ViewController.swift in Sources */,
				CFCBCA352338E3450071C981 /* AppDelegate.swift in Sources */,
				CFCBCA552338E5060071C981 /* SingleComponentPickerViewController.swift in Sources */,
				CFCBCA592338E5250071C981 /* DependentComponentPickerViewController.swift in Sources */,
				CFCBCA372338E3450071C981 /* SceneDelegate.swift in Sources */,
				CFCBCA5B2338E5390071C981 /* CustomPickerViewController.swift in Sources */,
				CFCBCA572338E5180071C981 /* DoubleComponentViewController.swift in Sources */,
			);
			runOnlyForDeploymentPostprocessing = 0;
		};
/* End PBXSourcesBuildPhase section */

/* Begin PBXVariantGroup section */
		CFCBCA3A2338E3450071C981 /* Main.storyboard */ = {
			isa = PBXVariantGroup;
			children = (
				CFCBCA3B2338E3450071C981 /* Base */,
			);
			name = Main.storyboard;
			sourceTree = "<group>";
		};
		CFCBCA3F2338E3460071C981 /* LaunchScreen.storyboard */ = {
			isa = PBXVariantGroup;
			children = (
				CFCBCA402338E3460071C981 /* Base */,
			);
			name = LaunchScreen.storyboard;
			sourceTree = "<group>";
		};
/* End PBXVariantGroup section */

/* Begin XCBuildConfiguration section */
		CFCBCA432338E3460071C981 /* Debug */ = {
			isa = XCBuildConfiguration;
			buildSettings = {
				ALWAYS_SEARCH_USER_PATHS = NO;
				CLANG_ANALYZER_NONNULL = YES;
				CLANG_ANALYZER_NUMBER_OBJECT_CONVERSION = YES_AGGRESSIVE;
				CLANG_CXX_LANGUAGE_STANDARD = "gnu++14";
				CLANG_CXX_LIBRARY = "libc++";
				CLANG_ENABLE_MODULES = YES;
				CLANG_ENABLE_OBJC_ARC = YES;
				CLANG_ENABLE_OBJC_WEAK = YES;
				CLANG_WARN_BLOCK_CAPTURE_AUTORELEASING = YES;
				CLANG_WARN_BOOL_CONVERSION = YES;
				CLANG_WARN_COMMA = YES;
				CLANG_WARN_CONSTANT_CONVERSION = YES;
				CLANG_WARN_DEPRECATED_OBJC_IMPLEMENTATIONS = YES;
				CLANG_WARN_DIRECT_OBJC_ISA_USAGE = YES_ERROR;
				CLANG_WARN_DOCUMENTATION_COMMENTS = YES;
				CLANG_WARN_EMPTY_BODY = YES;
				CLANG_WARN_ENUM_CONVERSION = YES;
				CLANG_WARN_INFINITE_RECURSION = YES;
				CLANG_WARN_INT_CONVERSION = YES;
				CLANG_WARN_NON_LITERAL_NULL_CONVERSION = YES;
				CLANG_WARN_OBJC_IMPLICIT_RETAIN_SELF = YES;
				CLANG_WARN_OBJC_LITERAL_CONVERSION = YES;
				CLANG_WARN_OBJC_ROOT_CLASS = YES_ERROR;
				CLANG_WARN_RANGE_LOOP_ANALYSIS = YES;
				CLANG_WARN_STRICT_PROTOTYPES = YES;
				CLANG_WARN_SUSPICIOUS_MOVE = YES;
				CLANG_WARN_UNGUARDED_AVAILABILITY = YES_AGGRESSIVE;
				CLANG_WARN_UNREACHABLE_CODE = YES;
				CLANG_WARN__DUPLICATE_METHOD_MATCH = YES;
				COPY_PHASE_STRIP = NO;
				DEBUG_INFORMATION_FORMAT = dwarf;
				ENABLE_STRICT_OBJC_MSGSEND = YES;
				ENABLE_TESTABILITY = YES;
				GCC_C_LANGUAGE_STANDARD = gnu11;
				GCC_DYNAMIC_NO_PIC = NO;
				GCC_NO_COMMON_BLOCKS = YES;
				GCC_OPTIMIZATION_LEVEL = 0;
				GCC_PREPROCESSOR_DEFINITIONS = (
					"DEBUG=1",
					"$(inherited)",
				);
				GCC_WARN_64_TO_32_BIT_CONVERSION = YES;
				GCC_WARN_ABOUT_RETURN_TYPE = YES_ERROR;
				GCC_WARN_UNDECLARED_SELECTOR = YES;
				GCC_WARN_UNINITIALIZED_AUTOS = YES_AGGRESSIVE;
				GCC_WARN_UNUSED_FUNCTION = YES;
				GCC_WARN_UNUSED_VARIABLE = YES;
				IPHONEOS_DEPLOYMENT_TARGET = 13.0;
				MTL_ENABLE_DEBUG_INFO = INCLUDE_SOURCE;
				MTL_FAST_MATH = YES;
				ONLY_ACTIVE_ARCH = YES;
				SDKROOT = iphoneos;
				SWIFT_ACTIVE_COMPILATION_CONDITIONS = DEBUG;
				SWIFT_OPTIMIZATION_LEVEL = "-Onone";
			};
			name = Debug;
		};
		CFCBCA442338E3460071C981 /* Release */ = {
			isa = XCBuildConfiguration;
			buildSettings = {
				ALWAYS_SEARCH_USER_PATHS = NO;
				CLANG_ANALYZER_NONNULL = YES;
				CLANG_ANALYZER_NUMBER_OBJECT_CONVERSION = YES_AGGRESSIVE;
				CLANG_CXX_LANGUAGE_STANDARD = "gnu++14";
				CLANG_CXX_LIBRARY = "libc++";
				CLANG_ENABLE_MODULES = YES;
				CLANG_ENABLE_OBJC_ARC = YES;
				CLANG_ENABLE_OBJC_WEAK = YES;
				CLANG_WARN_BLOCK_CAPTURE_AUTORELEASING = YES;
				CLANG_WARN_BOOL_CONVERSION = YES;
				CLANG_WARN_COMMA = YES;
				CLANG_WARN_CONSTANT_CONVERSION = YES;
				CLANG_WARN_DEPRECATED_OBJC_IMPLEMENTATIONS = YES;
				CLANG_WARN_DIRECT_OBJC_ISA_USAGE = YES_ERROR;
				CLANG_WARN_DOCUMENTATION_COMMENTS = YES;
				CLANG_WARN_EMPTY_BODY = YES;
				CLANG_WARN_ENUM_CONVERSION = YES;
				CLANG_WARN_INFINITE_RECURSION = YES;
				CLANG_WARN_INT_CONVERSION = YES;
				CLANG_WARN_NON_LITERAL_NULL_CONVERSION = YES;
				CLANG_WARN_OBJC_IMPLICIT_RETAIN_SELF = YES;
				CLANG_WARN_OBJC_LITERAL_CONVERSION = YES;
				CLANG_WARN_OBJC_ROOT_CLASS = YES_ERROR;
				CLANG_WARN_RANGE_LOOP_ANALYSIS = YES;
				CLANG_WARN_STRICT_PROTOTYPES = YES;
				CLANG_WARN_SUSPICIOUS_MOVE = YES;
				CLANG_WARN_UNGUARDED_AVAILABILITY = YES_AGGRESSIVE;
				CLANG_WARN_UNREACHABLE_CODE = YES;
				CLANG_WARN__DUPLICATE_METHOD_MATCH = YES;
				COPY_PHASE_STRIP = NO;
				DEBUG_INFORMATION_FORMAT = "dwarf-with-dsym";
				ENABLE_NS_ASSERTIONS = NO;
				ENABLE_STRICT_OBJC_MSGSEND = YES;
				GCC_C_LANGUAGE_STANDARD = gnu11;
				GCC_NO_COMMON_BLOCKS = YES;
				GCC_WARN_64_TO_32_BIT_CONVERSION = YES;
				GCC_WARN_ABOUT_RETURN_TYPE = YES_ERROR;
				GCC_WARN_UNDECLARED_SELECTOR = YES;
				GCC_WARN_UNINITIALIZED_AUTOS = YES_AGGRESSIVE;
				GCC_WARN_UNUSED_FUNCTION = YES;
				GCC_WARN_UNUSED_VARIABLE = YES;
				IPHONEOS_DEPLOYMENT_TARGET = 13.0;
				MTL_ENABLE_DEBUG_INFO = NO;
				MTL_FAST_MATH = YES;
				SDKROOT = iphoneos;
				SWIFT_COMPILATION_MODE = wholemodule;
				SWIFT_OPTIMIZATION_LEVEL = "-O";
				VALIDATE_PRODUCT = YES;
			};
			name = Release;
		};
		CFCBCA462338E3460071C981 /* Debug */ = {
			isa = XCBuildConfiguration;
			buildSettings = {
				ASSETCATALOG_COMPILER_APPICON_NAME = AppIcon;
				CODE_SIGN_STYLE = Automatic;
				DEVELOPMENT_TEAM = 3L85324L69;
				INFOPLIST_FILE = Pickers/Info.plist;
				LD_RUNPATH_SEARCH_PATHS = (
					"$(inherited)",
					"@executable_path/Frameworks",
				);
				PRODUCT_BUNDLE_IDENTIFIER = xyz.dogold.Pickers;
				PRODUCT_NAME = "$(TARGET_NAME)";
				SWIFT_VERSION = 5.0;
				TARGETED_DEVICE_FAMILY = "1,2";
			};
			name = Debug;
		};
		CFCBCA472338E3460071C981 /* Release */ = {
			isa = XCBuildConfiguration;
			buildSettings = {
				ASSETCATALOG_COMPILER_APPICON_NAME = AppIcon;
				CODE_SIGN_STYLE = Automatic;
				DEVELOPMENT_TEAM = 3L85324L69;
				INFOPLIST_FILE = Pickers/Info.plist;
				LD_RUNPATH_SEARCH_PATHS = (
					"$(inherited)",
					"@executable_path/Frameworks",
				);
				PRODUCT_BUNDLE_IDENTIFIER = xyz.dogold.Pickers;
				PRODUCT_NAME = "$(TARGET_NAME)";
				SWIFT_VERSION = 5.0;
				TARGETED_DEVICE_FAMILY = "1,2";
			};
			name = Release;
		};
/* End XCBuildConfiguration section */

/* Begin XCConfigurationList section */
		CFCBCA2C2338E3450071C981 /* Build configuration list for PBXProject "Pickers" */ = {
			isa = XCConfigurationList;
			buildConfigurations = (
				CFCBCA432338E3460071C981 /* Debug */,
				CFCBCA442338E3460071C981 /* Release */,
			);
			defaultConfigurationIsVisible = 0;
			defaultConfigurationName = Release;
		};
		CFCBCA452338E3460071C981 /* Build configuration list for PBXNativeTarget "Pickers" */ = {
			isa = XCConfigurationList;
			buildConfigurations = (
				CFCBCA462338E3460071C981 /* Debug */,
				CFCBCA472338E3460071C981 /* Release */,
			);
			defaultConfigurationIsVisible = 0;
			defaultConfigurationName = Release;
		};
/* End XCConfigurationList section */
	};
	rootObject = CFCBCA292338E3450071C981 /* Project object */;
}
